
Microsoft Visual Studio Solution File, Format Version 12.00
# Visual Studio Version 17
VisualStudioVersion = 17.11.35312.102
MinimumVisualStudioVersion = 10.0.40219.1
Project("{2150E333-8FDC-42A3-9474-1A3956D46DE8}") = "Src", "Src", "{DD8C46D1-91E3-490C-B9D6-F63D99495374}"
EndProject
Project("{2150E333-8FDC-42A3-9474-1A3956D46DE8}") = "tests", "tests", "{B0CE82FA-A644-4FF9-8161-7713FE41845E}"
EndProject
Project("{9A19103F-16F7-4668-BE54-9A1E7A4F7556}") = "CashFlow.Api", "src\CashFlow.Api\CashFlow.Api.csproj", "{63E8C3BA-87DD-4BFE-9D1F-CD56F23B3306}"
EndProject
Project("{9A19103F-16F7-4668-BE54-9A1E7A4F7556}") = "CashFlow.Communication", "src\CashFlow.Communication\CashFlow.Communication.csproj", "{7339399A-9E6D-44DA-921F-549DEE5E751F}"
EndProject
Project("{9A19103F-16F7-4668-BE54-9A1E7A4F7556}") = "CashFlow.Application", "src\CashFlow.Application\CashFlow.Application.csproj", "{2B8AE0E1-CC25-485C-9885-CFE2EB2C9829}"
EndProject
Project("{9A19103F-16F7-4668-BE54-9A1E7A4F7556}") = "CashFlow.Domain", "src\CashFlow.Domain\CashFlow.Domain.csproj", "{2811B4FF-E61E-4037-ABD8-7160B7C90A05}"
EndProject
Project("{9A19103F-16F7-4668-BE54-9A1E7A4F7556}") = "CashFlow.Infrastructure", "src\CashFlow.Infrastructure\CashFlow.Infrastructure.csproj", "{DDE71A33-F106-487D-B9A3-0E2EBC3C8627}"
EndProject
Project("{9A19103F-16F7-4668-BE54-9A1E7A4F7556}") = "CashFlow.Exception", "src\CashFlow.Exception\CashFlow.Exception.csproj", "{0B0C3DDE-ABD2-41E8-B890-FAFA5F1A7503}"
EndProject
Project("{FAE04EC0-301F-11D3-BF4B-00C04F79EFBC}") = "Validators.Tests", "Validators.Tests\Validators.Tests.csproj", "{D50F282E-B04F-4BEC-9C24-0A98FBC89A69}"
EndProject
Project("{FAE04EC0-301F-11D3-BF4B-00C04F79EFBC}") = "CommunTestUtilities", "tests\CommunTestUtilities\CommunTestUtilities.csproj", "{553A71AC-3105-4EDC-AB13-0DCB0EEA46DC}"
EndProject
Project("{FAE04EC0-301F-11D3-BF4B-00C04F79EFBC}") = "UseCases.Test", "UseCases.Test\UseCases.Test.csproj", "{712F7E60-84FF-47C8-BB7C-25DBED402811}"
EndProject
Project("{FAE04EC0-301F-11D3-BF4B-00C04F79EFBC}") = "WebApi.Test", "tests\WebApi.Test\WebApi.Test.csproj", "{7C6C3035-4069-4EDE-8CF9-0A1276742CE8}"
EndProject
Global
	GlobalSection(SolutionConfigurationPlatforms) = preSolution
		Debug|Any CPU = Debug|Any CPU
		Release|Any CPU = Release|Any CPU
	EndGlobalSection
	GlobalSection(ProjectConfigurationPlatforms) = postSolution
		{63E8C3BA-87DD-4BFE-9D1F-CD56F23B3306}.Debug|Any CPU.ActiveCfg = Debug|Any CPU
		{63E8C3BA-87DD-4BFE-9D1F-CD56F23B3306}.Debug|Any CPU.Build.0 = Debug|Any CPU
		{63E8C3BA-87DD-4BFE-9D1F-CD56F23B3306}.Release|Any CPU.ActiveCfg = Release|Any CPU
		{63E8C3BA-87DD-4BFE-9D1F-CD56F23B3306}.Release|Any CPU.Build.0 = Release|Any CPU
		{7339399A-9E6D-44DA-921F-549DEE5E751F}.Debug|Any CPU.ActiveCfg = Debug|Any CPU
		{7339399A-9E6D-44DA-921F-549DEE5E751F}.Debug|Any CPU.Build.0 = Debug|Any CPU
		{7339399A-9E6D-44DA-921F-549DEE5E751F}.Release|Any CPU.ActiveCfg = Release|Any CPU
		{7339399A-9E6D-44DA-921F-549DEE5E751F}.Release|Any CPU.Build.0 = Release|Any CPU
		{2B8AE0E1-CC25-485C-9885-CFE2EB2C9829}.Debug|Any CPU.ActiveCfg = Debug|Any CPU
		{2B8AE0E1-CC25-485C-9885-CFE2EB2C9829}.Debug|Any CPU.Build.0 = Debug|Any CPU
		{2B8AE0E1-CC25-485C-9885-CFE2EB2C9829}.Release|Any CPU.ActiveCfg = Release|Any CPU
		{2B8AE0E1-CC25-485C-9885-CFE2EB2C9829}.Release|Any CPU.Build.0 = Release|Any CPU
		{2811B4FF-E61E-4037-ABD8-7160B7C90A05}.Debug|Any CPU.ActiveCfg = Debug|Any CPU
		{2811B4FF-E61E-4037-ABD8-7160B7C90A05}.Debug|Any CPU.Build.0 = Debug|Any CPU
		{2811B4FF-E61E-4037-ABD8-7160B7C90A05}.Release|Any CPU.ActiveCfg = Release|Any CPU
		{2811B4FF-E61E-4037-ABD8-7160B7C90A05}.Release|Any CPU.Build.0 = Release|Any CPU
		{DDE71A33-F106-487D-B9A3-0E2EBC3C8627}.Debug|Any CPU.ActiveCfg = Debug|Any CPU
		{DDE71A33-F106-487D-B9A3-0E2EBC3C8627}.Debug|Any CPU.Build.0 = Debug|Any CPU
		{DDE71A33-F106-487D-B9A3-0E2EBC3C8627}.Release|Any CPU.ActiveCfg = Release|Any CPU
		{DDE71A33-F106-487D-B9A3-0E2EBC3C8627}.Release|Any CPU.Build.0 = Release|Any CPU
		{0B0C3DDE-ABD2-41E8-B890-FAFA5F1A7503}.Debug|Any CPU.ActiveCfg = Debug|Any CPU
		{0B0C3DDE-ABD2-41E8-B890-FAFA5F1A7503}.Debug|Any CPU.Build.0 = Debug|Any CPU
		{0B0C3DDE-ABD2-41E8-B890-FAFA5F1A7503}.Release|Any CPU.ActiveCfg = Release|Any CPU
		{0B0C3DDE-ABD2-41E8-B890-FAFA5F1A7503}.Release|Any CPU.Build.0 = Release|Any CPU
		{D50F282E-B04F-4BEC-9C24-0A98FBC89A69}.Debug|Any CPU.ActiveCfg = Debug|Any CPU
		{D50F282E-B04F-4BEC-9C24-0A98FBC89A69}.Debug|Any CPU.Build.0 = Debug|Any CPU
		{D50F282E-B04F-4BEC-9C24-0A98FBC89A69}.Release|Any CPU.ActiveCfg = Release|Any CPU
		{D50F282E-B04F-4BEC-9C24-0A98FBC89A69}.Release|Any CPU.Build.0 = Release|Any CPU
		{553A71AC-3105-4EDC-AB13-0DCB0EEA46DC}.Debug|Any CPU.ActiveCfg = Debug|Any CPU
		{553A71AC-3105-4EDC-AB13-0DCB0EEA46DC}.Debug|Any CPU.Build.0 = Debug|Any CPU
		{553A71AC-3105-4EDC-AB13-0DCB0EEA46DC}.Release|Any CPU.ActiveCfg = Release|Any CPU
		{553A71AC-3105-4EDC-AB13-0DCB0EEA46DC}.Release|Any CPU.Build.0 = Release|Any CPU
		{712F7E60-84FF-47C8-BB7C-25DBED402811}.Debug|Any CPU.ActiveCfg = Debug|Any CPU
		{712F7E60-84FF-47C8-BB7C-25DBED402811}.Debug|Any CPU.Build.0 = Debug|Any CPU
		{712F7E60-84FF-47C8-BB7C-25DBED402811}.Release|Any CPU.ActiveCfg = Release|Any CPU
		{712F7E60-84FF-47C8-BB7C-25DBED402811}.Release|Any CPU.Build.0 = Release|Any CPU
		{7C6C3035-4069-4EDE-8CF9-0A1276742CE8}.Debug|Any CPU.ActiveCfg = Debug|Any CPU
		{7C6C3035-4069-4EDE-8CF9-0A1276742CE8}.Debug|Any CPU.Build.0 = Debug|Any CPU
		{7C6C3035-4069-4EDE-8CF9-0A1276742CE8}.Release|Any CPU.ActiveCfg = Release|Any CPU
		{7C6C3035-4069-4EDE-8CF9-0A1276742CE8}.Release|Any CPU.Build.0 = Release|Any CPU
	EndGlobalSection
	GlobalSection(SolutionProperties) = preSolution
		HideSolutionNode = FALSE
	EndGlobalSection
	GlobalSection(NestedProjects) = preSolution
		{63E8C3BA-87DD-4BFE-9D1F-CD56F23B3306} = {DD8C46D1-91E3-490C-B9D6-F63D99495374}
		{7339399A-9E6D-44DA-921F-549DEE5E751F} = {DD8C46D1-91E3-490C-B9D6-F63D99495374}
		{2B8AE0E1-CC25-485C-9885-CFE2EB2C9829} = {DD8C46D1-91E3-490C-B9D6-F63D99495374}
		{2811B4FF-E61E-4037-ABD8-7160B7C90A05} = {DD8C46D1-91E3-490C-B9D6-F63D99495374}
		{DDE71A33-F106-487D-B9A3-0E2EBC3C8627} = {DD8C46D1-91E3-490C-B9D6-F63D99495374}
		{0B0C3DDE-ABD2-41E8-B890-FAFA5F1A7503} = {DD8C46D1-91E3-490C-B9D6-F63D99495374}
		{D50F282E-B04F-4BEC-9C24-0A98FBC89A69} = {B0CE82FA-A644-4FF9-8161-7713FE41845E}
		{553A71AC-3105-4EDC-AB13-0DCB0EEA46DC} = {B0CE82FA-A644-4FF9-8161-7713FE41845E}
		{712F7E60-84FF-47C8-BB7C-25DBED402811} = {B0CE82FA-A644-4FF9-8161-7713FE41845E}
		{7C6C3035-4069-4EDE-8CF9-0A1276742CE8} = {B0CE82FA-A644-4FF9-8161-7713FE41845E}
	EndGlobalSection
	GlobalSection(ExtensibilityGlobals) = postSolution
		SolutionGuid = {95CEBE42-D310-4DCD-907D-E53DD1556170}
	EndGlobalSection
EndGlobal
